
Microsoft Visual Studio Solution File, Format Version 12.00
# Visual Studio Version 17
VisualStudioVersion = 17.7.34221.43
MinimumVisualStudioVersion = 10.0.40219.1
Project("{FAE04EC0-301F-11D3-BF4B-00C04F79EFBC}") = "SalaryCalculationSystem", "SalaryCalculationSystem\SalaryCalculationSystem.csproj", "{A73EFB35-2C7C-4E6B-9566-51C6D1FAACA4}"
EndProject
Global
	GlobalSection(SolutionConfigurationPlatforms) = preSolution
		Debug|Any CPU = Debug|Any CPU
		Release|Any CPU = Release|Any CPU
	EndGlobalSection
	GlobalSection(ProjectConfigurationPlatforms) = postSolution
		{A73EFB35-2C7C-4E6B-9566-51C6D1FAACA4}.Debug|Any CPU.ActiveCfg = Debug|Any CPU
		{A73EFB35-2C7C-4E6B-9566-51C6D1FAACA4}.Debug|Any CPU.Build.0 = Debug|Any CPU
		{A73EFB35-2C7C-4E6B-9566-51C6D1FAACA4}.Release|Any CPU.ActiveCfg = Release|Any CPU
		{A73EFB35-2C7C-4E6B-9566-51C6D1FAACA4}.Release|Any CPU.Build.0 = Release|Any CPU
	EndGlobalSection
	GlobalSection(SolutionProperties) = preSolution
		HideSolutionNode = FALSE
	EndGlobalSection
	GlobalSection(ExtensibilityGlobals) = postSolution
		SolutionGuid = {EAC284C3-3E0B-483C-A3A6-A1D6F1FDEB40}
	EndGlobalSection
EndGlobal
